
Microsoft Visual Studio Solution File, Format Version 12.00
# Visual Studio Version 17
VisualStudioVersion = 17.8.34330.188
MinimumVisualStudioVersion = 10.0.40219.1
Project("{FAE04EC0-301F-11D3-BF4B-00C04F79EFBC}") = "PosSystem.API", "PosSystem\PosSystem.API.csproj", "{3B6D4F11-356D-42D4-9FCA-E18D0543BD9C}"
EndProject
Project("{FAE04EC0-301F-11D3-BF4B-00C04F79EFBC}") = "PosSystem.Core", "PosSystem.Core\PosSystem.Core.csproj", "{80084322-4F83-45E2-ACCA-95C2D8856125}"
EndProject
Project("{FAE04EC0-301F-11D3-BF4B-00C04F79EFBC}") = "PosSystem.Infrastracture", "PosSystem.Infrastracture\PosSystem.Infrastracture.csproj", "{759AD4EB-FF72-4596-BE3B-EC75DC654DED}"
EndProject
Project("{FAE04EC0-301F-11D3-BF4B-00C04F79EFBC}") = "PosSystem.Services", "PosSystem.Services\PosSystem.Services.csproj", "{417FAC8C-6DFD-4ADA-AB02-8505BE286416}"
EndProject
Global
	GlobalSection(SolutionConfigurationPlatforms) = preSolution
		Debug|Any CPU = Debug|Any CPU
		Release|Any CPU = Release|Any CPU
	EndGlobalSection
	GlobalSection(ProjectConfigurationPlatforms) = postSolution
		{3B6D4F11-356D-42D4-9FCA-E18D0543BD9C}.Debug|Any CPU.ActiveCfg = Debug|Any CPU
		{3B6D4F11-356D-42D4-9FCA-E18D0543BD9C}.Debug|Any CPU.Build.0 = Debug|Any CPU
		{3B6D4F11-356D-42D4-9FCA-E18D0543BD9C}.Release|Any CPU.ActiveCfg = Release|Any CPU
		{3B6D4F11-356D-42D4-9FCA-E18D0543BD9C}.Release|Any CPU.Build.0 = Release|Any CPU
		{80084322-4F83-45E2-ACCA-95C2D8856125}.Debug|Any CPU.ActiveCfg = Debug|Any CPU
		{80084322-4F83-45E2-ACCA-95C2D8856125}.Debug|Any CPU.Build.0 = Debug|Any CPU
		{80084322-4F83-45E2-ACCA-95C2D8856125}.Release|Any CPU.ActiveCfg = Release|Any CPU
		{80084322-4F83-45E2-ACCA-95C2D8856125}.Release|Any CPU.Build.0 = Release|Any CPU
		{759AD4EB-FF72-4596-BE3B-EC75DC654DED}.Debug|Any CPU.ActiveCfg = Debug|Any CPU
		{759AD4EB-FF72-4596-BE3B-EC75DC654DED}.Debug|Any CPU.Build.0 = Debug|Any CPU
		{759AD4EB-FF72-4596-BE3B-EC75DC654DED}.Release|Any CPU.ActiveCfg = Release|Any CPU
		{759AD4EB-FF72-4596-BE3B-EC75DC654DED}.Release|Any CPU.Build.0 = Release|Any CPU
		{417FAC8C-6DFD-4ADA-AB02-8505BE286416}.Debug|Any CPU.ActiveCfg = Debug|Any CPU
		{417FAC8C-6DFD-4ADA-AB02-8505BE286416}.Debug|Any CPU.Build.0 = Debug|Any CPU
		{417FAC8C-6DFD-4ADA-AB02-8505BE286416}.Release|Any CPU.ActiveCfg = Release|Any CPU
		{417FAC8C-6DFD-4ADA-AB02-8505BE286416}.Release|Any CPU.Build.0 = Release|Any CPU
	EndGlobalSection
	GlobalSection(SolutionProperties) = preSolution
		HideSolutionNode = FALSE
	EndGlobalSection
	GlobalSection(ExtensibilityGlobals) = postSolution
		SolutionGuid = {A20DBB34-4A04-4B95-8763-8C81AD098F35}
	EndGlobalSection
EndGlobal
